
Microsoft Visual Studio Solution File, Format Version 12.00
# Visual Studio Version 17
VisualStudioVersion = 17.2.32526.322
MinimumVisualStudioVersion = 10.0.40219.1
Project("{6EC3EE1D-3C4E-46DD-8F32-0CC8E7565705}") = "Famous", "Famous\Famous.fsproj", "{49B93039-479F-4898-B7D7-B3BD84EE642F}"
EndProject
Project("{6EC3EE1D-3C4E-46DD-8F32-0CC8E7565705}") = "Demo", "Demo\Demo.fsproj", "{F99AE939-5671-4FF2-9336-64DB6B9CACD9}"
EndProject
Global
	GlobalSection(SolutionConfigurationPlatforms) = preSolution
		Debug|Any CPU = Debug|Any CPU
		Release|Any CPU = Release|Any CPU
	EndGlobalSection
	GlobalSection(ProjectConfigurationPlatforms) = postSolution
		{49B93039-479F-4898-B7D7-B3BD84EE642F}.Debug|Any CPU.ActiveCfg = Debug|Any CPU
		{49B93039-479F-4898-B7D7-B3BD84EE642F}.Debug|Any CPU.Build.0 = Debug|Any CPU
		{49B93039-479F-4898-B7D7-B3BD84EE642F}.Release|Any CPU.ActiveCfg = Release|Any CPU
		{49B93039-479F-4898-B7D7-B3BD84EE642F}.Release|Any CPU.Build.0 = Release|Any CPU
		{F99AE939-5671-4FF2-9336-64DB6B9CACD9}.Debug|Any CPU.ActiveCfg = Debug|Any CPU
		{F99AE939-5671-4FF2-9336-64DB6B9CACD9}.Debug|Any CPU.Build.0 = Debug|Any CPU
		{F99AE939-5671-4FF2-9336-64DB6B9CACD9}.Release|Any CPU.ActiveCfg = Release|Any CPU
		{F99AE939-5671-4FF2-9336-64DB6B9CACD9}.Release|Any CPU.Build.0 = Release|Any CPU
	EndGlobalSection
	GlobalSection(SolutionProperties) = preSolution
		HideSolutionNode = FALSE
	EndGlobalSection
	GlobalSection(ExtensibilityGlobals) = postSolution
		SolutionGuid = {5816105D-CBB7-4C8D-ABD7-73B20A236EC6}
	EndGlobalSection
EndGlobal
